{
  "name": "pw-write-and-run",
  "version": "1.0.0",
  "lockfileVersion": 3,
  "requires": true,
  "packages": {
    "": {
      "name": "pw-write-and-run",
      "version": "1.0.0",
      "dependencies": {
        "@node-ipc/node-ipc": "^11.0.3",
        "node-ipc": "^9.2.1",
        "playwright": "^1.58.1"
      },
      "devDependencies": {
        "@playwright/test": "^1.40.0",
        "@types/node": "^20.x",
        "@types/vscode": "^1.80.0",
        "terser": "^5.46.0",
        "typescript": "^5.0.0"
      },
      "engines": {
        "vscode": "^1.80.0"
      }
    },
    "node_modules/@jridgewell/gen-mapping": {
      "version": "0.3.13",
      "resolved": "https://registry.npmjs.org/@jridgewell/gen-mapping/-/gen-mapping-0.3.13.tgz",
      "integrity": "sha512-2kkt/7niJ6MgEPxF0bYdQ6etZaA+fQvDcLKckhy1yIQOzaoKjBBjSj63/aLVjYE3qhRt5dvM+uUyfCg6UKCBbA==",
      "dev": true,
      "license": "MIT",
      "dependencies": {
        "@jridgewell/sourcemap-codec": "^1.5.0",
        "@jridgewell/trace-mapping": "^0.3.24"
      }
    },
    "node_modules/@jridgewell/resolve-uri": {
      "version": "3.1.2",
      "resolved": "https://registry.npmjs.org/@jridgewell/resolve-uri/-/resolve-uri-3.1.2.tgz",
      "integrity": "sha512-bRISgCIjP20/tbWSPWMEi54QVPRZExkuD9lJL+UIxUKtwVJA8wW1Trb1jMs1RFXo1CBTNZ/5hpC9QvmKWdopKw==",
      "dev": true,
      "license": "MIT",
      "engines": {
        "node": ">=6.0.0"
      }
    },
    "node_modules/@jridgewell/source-map": {
      "version": "0.3.11",
      "resolved": "https://registry.npmjs.org/@jridgewell/source-map/-/source-map-0.3.11.tgz",
      "integrity": "sha512-ZMp1V8ZFcPG5dIWnQLr3NSI1MiCU7UETdS/A0G8V/XWHvJv3ZsFqutJn1Y5RPmAPX6F3BiE397OqveU/9NCuIA==",
      "dev": true,
      "license": "MIT",
      "dependencies": {
        "@jridgewell/gen-mapping": "^0.3.5",
        "@jridgewell/trace-mapping": "^0.3.25"
      }
    },
    "node_modules/@jridgewell/sourcemap-codec": {
      "version": "1.5.5",
      "resolved": "https://registry.npmjs.org/@jridgewell/sourcemap-codec/-/sourcemap-codec-1.5.5.tgz",
      "integrity": "sha512-cYQ9310grqxueWbl+WuIUIaiUaDcj7WOq5fVhEljNVgRfOUhY9fy2zTvfoqWsnebh8Sl70VScFbICvJnLKB0Og==",
      "dev": true,
      "license": "MIT"
    },
    "node_modules/@jridgewell/trace-mapping": {
      "version": "0.3.31",
      "resolved": "https://registry.npmjs.org/@jridgewell/trace-mapping/-/trace-mapping-0.3.31.tgz",
      "integrity": "sha512-zzNR+SdQSDJzc8joaeP8QQoCQr8NuYx2dIIytl1QeBEZHJ9uW6hebsrYgbz8hJwUQao3TWCMtmfV8Nu1twOLAw==",
      "dev": true,
      "license": "MIT",
      "dependencies": {
        "@jridgewell/resolve-uri": "^3.1.0",
        "@jridgewell/sourcemap-codec": "^1.4.14"
      }
    },
    "node_modules/@node-ipc/event-pubsub": {
      "version": "6.0.2",
      "resolved": "https://registry.npmjs.org/@node-ipc/event-pubsub/-/event-pubsub-6.0.2.tgz",
      "integrity": "sha512-vdpnkrcBOHj/yQlSi78HiaPLWZFI/PdBRN34T64Th6Z4G600A7IDdb47/EFwKJh1trcR6q0ednyR8d8vJFsTcw==",
      "license": "MIT",
      "dependencies": {
        "strong-type": "^1.1.0"
      },
      "engines": {
        "node": ">=13.0.0"
      }
    },
    "node_modules/@node-ipc/js-queue": {
      "version": "2.0.3",
      "resolved": "https://registry.npmjs.org/@node-ipc/js-queue/-/js-queue-2.0.3.tgz",
      "integrity": "sha512-fL1wpr8hhD5gT2dA1qifeVaoDFlQR5es8tFuKqjHX+kdOtdNHnxkVZbtIrR2rxnMFvehkjaZRNV2H/gPXlb0hw==",
      "license": "MIT",
      "dependencies": {
        "easy-stack": "1.0.1"
      },
      "engines": {
        "node": ">=1.0.0"
      }
    },
    "node_modules/@node-ipc/node-ipc": {
      "version": "11.0.3",
      "resolved": "https://registry.npmjs.org/@node-ipc/node-ipc/-/node-ipc-11.0.3.tgz",
      "integrity": "sha512-7u4ViA2IdkdX1nlorjouR1x6rIoeEGTOaWyvvvKZhmWyifv7Q5gUby54tSyG1ydHmNrS+4BnZqPf7x8rV9Zklw==",
      "license": "MIT",
      "dependencies": {
        "@node-ipc/event-pubsub": "6.0.2",
        "@node-ipc/js-queue": "2.0.3",
        "js-message": "1.0.7",
        "strong-type": "1.1.0"
      },
      "engines": {
        "node": ">=14"
      }
    },
    "node_modules/@playwright/test": {
      "version": "1.58.2",
      "resolved": "https://registry.npmjs.org/@playwright/test/-/test-1.58.2.tgz",
      "integrity": "sha512-akea+6bHYBBfA9uQqSYmlJXn61cTa+jbO87xVLCWbTqbWadRVmhxlXATaOjOgcBaWU4ePo0wB41KMFv3o35IXA==",
      "dev": true,
      "license": "Apache-2.0",
      "dependencies": {
        "playwright": "1.58.2"
      },
      "bin": {
        "playwright": "cli.js"
      },
      "engines": {
        "node": ">=18"
      }
    },
    "node_modules/@types/node": {
      "version": "20.19.35",
      "resolved": "https://registry.npmjs.org/@types/node/-/node-20.19.35.tgz",
      "integrity": "sha512-Uarfe6J91b9HAUXxjvSOdiO2UPOKLm07Q1oh0JHxoZ1y8HoqxDAu3gVrsrOHeiio0kSsoVBt4wFrKOm0dKxVPQ==",
      "dev": true,
      "license": "MIT",
      "dependencies": {
        "undici-types": "~6.21.0"
      }
    },
    "node_modules/@types/vscode": {
      "version": "1.109.0",
      "resolved": "https://registry.npmjs.org/@types/vscode/-/vscode-1.109.0.tgz",
      "integrity": "sha512-0Pf95rnwEIwDbmXGC08r0B4TQhAbsHQ5UyTIgVgoieDe4cOnf92usuR5dEczb6bTKEp7ziZH4TV1TRGPPCExtw==",
      "dev": true,
      "license": "MIT"
    },
    "node_modules/acorn": {
      "version": "8.16.0",
      "resolved": "https://registry.npmjs.org/acorn/-/acorn-8.16.0.tgz",
      "integrity": "sha512-UVJyE9MttOsBQIDKw1skb9nAwQuR5wuGD3+82K6JgJlm/Y+KI92oNsMNGZCYdDsVtRHSak0pcV5Dno5+4jh9sw==",
      "dev": true,
      "license": "MIT",
      "bin": {
        "acorn": "bin/acorn"
      },
      "engines": {
        "node": ">=0.4.0"
      }
    },
    "node_modules/buffer-from": {
      "version": "1.1.2",
      "resolved": "https://registry.npmjs.org/buffer-from/-/buffer-from-1.1.2.tgz",
      "integrity": "sha512-E+XQCRwSbaaiChtv6k6Dwgc+bx+Bs6vuKJHHl5kox/BaKbhiXzqQOwK4cO22yElGp2OCmjwVhT3HmxgyPGnJfQ==",
      "dev": true,
      "license": "MIT"
    },
    "node_modules/commander": {
      "version": "2.20.3",
      "resolved": "https://registry.npmjs.org/commander/-/commander-2.20.3.tgz",
      "integrity": "sha512-GpVkmM8vF2vQUkj2LvZmD35JxeJOLCwJ9cUkugyk2nuhbv3+mJvpLYYt+0+USMxE+oj+ey/lJEnhZw75x/OMcQ==",
      "dev": true,
      "license": "MIT"
    },
    "node_modules/easy-stack": {
      "version": "1.0.1",
      "resolved": "https://registry.npmjs.org/easy-stack/-/easy-stack-1.0.1.tgz",
      "integrity": "sha512-wK2sCs4feiiJeFXn3zvY0p41mdU5VUgbgs1rNsc/y5ngFUijdWd+iIN8eoyuZHKB8xN6BL4PdWmzqFmxNg6V2w==",
      "license": "MIT",
      "engines": {
        "node": ">=6.0.0"
      }
    },
    "node_modules/event-pubsub": {
      "version": "4.3.0",
      "resolved": "https://registry.npmjs.org/event-pubsub/-/event-pubsub-4.3.0.tgz",
      "integrity": "sha512-z7IyloorXvKbFx9Bpie2+vMJKKx1fH1EN5yiTfp8CiLOTptSYy1g8H4yDpGlEdshL1PBiFtBHepF2cNsqeEeFQ==",
      "license": "Unlicense",
      "engines": {
        "node": ">=4.0.0"
      }
    },
    "node_modules/fsevents": {
      "version": "2.3.2",
      "resolved": "https://registry.npmjs.org/fsevents/-/fsevents-2.3.2.tgz",
      "integrity": "sha512-xiqMQR4xAeHTuB9uWm+fFRcIOgKBMiOBP+eXiyT7jsgVCq1bkVygt00oASowB7EdtpOHaaPgKt812P9ab+DDKA==",
      "hasInstallScript": true,
      "license": "MIT",
      "optional": true,
      "os": [
        "darwin"
      ],
      "engines": {
        "node": "^8.16.0 || ^10.6.0 || >=11.0.0"
      }
    },
    "node_modules/js-message": {
      "version": "1.0.7",
      "resolved": "https://registry.npmjs.org/js-message/-/js-message-1.0.7.tgz",
      "integrity": "sha512-efJLHhLjIyKRewNS9EGZ4UpI8NguuL6fKkhRxVuMmrGV2xN/0APGdQYwLFky5w9naebSZ0OwAGp0G6/2Cg90rA==",
      "license": "MIT",
      "engines": {
        "node": ">=0.6.0"
      }
    },
    "node_modules/js-queue": {
      "version": "2.0.2",
      "resolved": "https://registry.npmjs.org/js-queue/-/js-queue-2.0.2.tgz",
      "integrity": "sha512-pbKLsbCfi7kriM3s1J4DDCo7jQkI58zPLHi0heXPzPlj0hjUsm+FesPUbE0DSbIVIK503A36aUBoCN7eMFedkA==",
      "license": "MIT",
      "dependencies": {
        "easy-stack": "^1.0.1"
      },
      "engines": {
        "node": ">=1.0.0"
      }
    },
    "node_modules/node-ipc": {
      "version": "9.2.1",
      "resolved": "https://registry.npmjs.org/node-ipc/-/node-ipc-9.2.1.tgz",
      "integrity": "sha512-mJzaM6O3xHf9VT8BULvJSbdVbmHUKRNOH7zDDkCrA1/T+CVjq2WVIDfLt0azZRXpgArJtl3rtmEozrbXPZ9GaQ==",
      "license": "MIT",
      "dependencies": {
        "event-pubsub": "4.3.0",
        "js-message": "1.0.7",
        "js-queue": "2.0.2"
      },
      "engines": {
        "node": ">=8.0.0"
      }
    },
    "node_modules/playwright": {
      "version": "1.58.2",
      "resolved": "https://registry.npmjs.org/playwright/-/playwright-1.58.2.tgz",
      "integrity": "sha512-vA30H8Nvkq/cPBnNw4Q8TWz1EJyqgpuinBcHET0YVJVFldr8JDNiU9LaWAE1KqSkRYazuaBhTpB5ZzShOezQ6A==",
      "license": "Apache-2.0",
      "dependencies": {
        "playwright-core": "1.58.2"
      },
      "bin": {
        "playwright": "cli.js"
      },
      "engines": {
        "node": ">=18"
      },
      "optionalDependencies": {
        "fsevents": "2.3.2"
      }
    },
    "node_modules/playwright-core": {
      "version": "1.58.2",
      "resolved": "https://registry.npmjs.org/playwright-core/-/playwright-core-1.58.2.tgz",
      "integrity": "sha512-yZkEtftgwS8CsfYo7nm0KE8jsvm6i/PTgVtB8DL726wNf6H2IMsDuxCpJj59KDaxCtSnrWan2AeDqM7JBaultg==",
      "license": "Apache-2.0",
      "bin": {
        "playwright-core": "cli.js"
      },
      "engines": {
        "node": ">=18"
      }
    },
    "node_modules/source-map": {
      "version": "0.6.1",
      "resolved": "https://registry.npmjs.org/source-map/-/source-map-0.6.1.tgz",
      "integrity": "sha512-UjgapumWlbMhkBgzT7Ykc5YXUT46F0iKu8SGXq0bcwP5dz/h0Plj6enJqjz1Zbq2l5WaqYnrVbwWOWMyF3F47g==",
      "dev": true,
      "license": "BSD-3-Clause",
      "engines": {
        "node": ">=0.10.0"
      }
    },
    "node_modules/source-map-support": {
      "version": "0.5.21",
      "resolved": "https://registry.npmjs.org/source-map-support/-/source-map-support-0.5.21.tgz",
      "integrity": "sha512-uBHU3L3czsIyYXKX88fdrGovxdSCoTGDRZ6SYXtSRxLZUzHg5P/66Ht6uoUlHu9EZod+inXhKo3qQgwXUT/y1w==",
      "dev": true,
      "license": "MIT",
      "dependencies": {
        "buffer-from": "^1.0.0",
        "source-map": "^0.6.0"
      }
    },
    "node_modules/strong-type": {
      "version": "1.1.0",
      "resolved": "https://registry.npmjs.org/strong-type/-/strong-type-1.1.0.tgz",
      "integrity": "sha512-X5Z6riticuH5GnhUyzijfDi1SoXas8ODDyN7K8lJeQK+Jfi4dKdoJGL4CXTskY/ATBcN+rz5lROGn1tAUkOX7g==",
      "license": "MIT",
      "engines": {
        "node": ">=12.21.0"
      }
    },
    "node_modules/terser": {
      "version": "5.46.0",
      "resolved": "https://registry.npmjs.org/terser/-/terser-5.46.0.tgz",
      "integrity": "sha512-jTwoImyr/QbOWFFso3YoU3ik0jBBDJ6JTOQiy/J2YxVJdZCc+5u7skhNwiOR3FQIygFqVUPHl7qbbxtjW2K3Qg==",
      "dev": true,
      "license": "BSD-2-Clause",
      "dependencies": {
        "@jridgewell/source-map": "^0.3.3",
        "acorn": "^8.15.0",
        "commander": "^2.20.0",
        "source-map-support": "~0.5.20"
      },
      "bin": {
        "terser": "bin/terser"
      },
      "engines": {
        "node": ">=10"
      }
    },
    "node_modules/typescript": {
      "version": "5.9.3",
      "resolved": "https://registry.npmjs.org/typescript/-/typescript-5.9.3.tgz",
      "integrity": "sha512-jl1vZzPDinLr9eUt3J/t7V6FgNEw9QjvBPdysz9KfQDD41fQrC2Y4vKQdiaUpFT4bXlb1RHhLpp8wtm6M5TgSw==",
      "dev": true,
      "license": "Apache-2.0",
      "bin": {
        "tsc": "bin/tsc",
        "tsserver": "bin/tsserver"
      },
      "engines": {
        "node": ">=14.17"
      }
    },
    "node_modules/undici-types": {
      "version": "6.21.0",
      "resolved": "https://registry.npmjs.org/undici-types/-/undici-types-6.21.0.tgz",
      "integrity": "sha512-iwDZqg0QAGrg9Rav5H4n0M64c3mkR59cJ6wQp+7C4nI0gsmExaedaYLNO44eT4AtBBwjbTiGPMlt2Md0T9H9JQ==",
      "dev": true,
      "license": "MIT"
    }
  }
}
